
Microsoft Visual Studio Solution File, Format Version 12.00
# Visual Studio Version 16
VisualStudioVersion = 16.0.30011.22
MinimumVisualStudioVersion = 10.0.40219.1
Project("{9A19103F-16F7-4668-BE54-9A1E7A4F7556}") = "Tarea3RegPrestamo", "Tarea3RegPrestamo\Tarea3RegPrestamo.csproj", "{DBEC4C46-6CD4-4F88-8212-DB4F62B9A9E1}"
EndProject
Project("{FAE04EC0-301F-11D3-BF4B-00C04F79EFBC}") = "Tarea3RegPrestamoTests", "Tarea3RegPrestamoTests\Tarea3RegPrestamoTests.csproj", "{7CEE9111-7E9B-4DDA-B882-8F287D354A76}"
EndProject
Global
	GlobalSection(SolutionConfigurationPlatforms) = preSolution
		Debug|Any CPU = Debug|Any CPU
		Release|Any CPU = Release|Any CPU
	EndGlobalSection
	GlobalSection(ProjectConfigurationPlatforms) = postSolution
		{DBEC4C46-6CD4-4F88-8212-DB4F62B9A9E1}.Debug|Any CPU.ActiveCfg = Debug|Any CPU
		{DBEC4C46-6CD4-4F88-8212-DB4F62B9A9E1}.Debug|Any CPU.Build.0 = Debug|Any CPU
		{DBEC4C46-6CD4-4F88-8212-DB4F62B9A9E1}.Release|Any CPU.ActiveCfg = Release|Any CPU
		{DBEC4C46-6CD4-4F88-8212-DB4F62B9A9E1}.Release|Any CPU.Build.0 = Release|Any CPU
		{7CEE9111-7E9B-4DDA-B882-8F287D354A76}.Debug|Any CPU.ActiveCfg = Debug|Any CPU
		{7CEE9111-7E9B-4DDA-B882-8F287D354A76}.Debug|Any CPU.Build.0 = Debug|Any CPU
		{7CEE9111-7E9B-4DDA-B882-8F287D354A76}.Release|Any CPU.ActiveCfg = Release|Any CPU
		{7CEE9111-7E9B-4DDA-B882-8F287D354A76}.Release|Any CPU.Build.0 = Release|Any CPU
	EndGlobalSection
	GlobalSection(SolutionProperties) = preSolution
		HideSolutionNode = FALSE
	EndGlobalSection
	GlobalSection(ExtensibilityGlobals) = postSolution
		SolutionGuid = {64C7C9CB-B776-4A29-99ED-F13D90EEC12C}
	EndGlobalSection
EndGlobal
